{
  "name": "static",
  "lockfileVersion": 3,
  "requires": true,
  "packages": {
    "": {
      "dependencies": {
        "htmx-ext-ws": "^2.0.3",
        "htmx.org": "^2.0.4",
        "hybrids": "^9.1.16"
      }
    },
    "node_modules/htmx-ext-ws": {
      "version": "2.0.3",
      "resolved": "https://registry.npmjs.org/htmx-ext-ws/-/htmx-ext-ws-2.0.3.tgz",
      "integrity": "sha512-782KDh1EHS1iJk9SWXlbNN8DkwHR3ujt8lFnsuQ+o2uBwnZM8WeZOkv1WOER7xXhpZJe4u9oLPhQg5RgCuRAHA==",
      "dependencies": {
        "htmx.org": "^2.0.2"
      }
    },
    "node_modules/htmx.org": {
      "version": "2.0.4",
      "resolved": "https://registry.npmjs.org/htmx.org/-/htmx.org-2.0.4.tgz",
      "integrity": "sha512-HLxMCdfXDOJirs3vBZl/ZLoY+c7PfM4Ahr2Ad4YXh6d22T5ltbTXFFkpx9Tgb2vvmWFMbIc3LqN2ToNkZJvyYQ=="
    },
    "node_modules/hybrids": {
      "version": "9.1.16",
      "resolved": "https://registry.npmjs.org/hybrids/-/hybrids-9.1.16.tgz",
      "integrity": "sha512-DccHvvDx0ScsaBneRdfTLI1iF5DBPiEfBYI2wqKMYdVZ8T23uN8JFyZjFPuS5jsAGZ/u4fSBTyA6a7EwHQT80A==",
      "bin": {
        "hybrids": "cli/index.js"
      },
      "engines": {
        "node": ">=18.0.0"
      }
    }
  }
}
