{
  "name": "static",
  "lockfileVersion": 3,
  "requires": true,
  "packages": {
    "": {
      "dependencies": {
        "htmx.org": "^2.0.4",
        "hybrids": "^9.1.14"
      }
    },
    "node_modules/htmx.org": {
      "version": "2.0.4",
      "resolved": "https://registry.npmjs.org/htmx.org/-/htmx.org-2.0.4.tgz",
      "integrity": "sha512-HLxMCdfXDOJirs3vBZl/ZLoY+c7PfM4Ahr2Ad4YXh6d22T5ltbTXFFkpx9Tgb2vvmWFMbIc3LqN2ToNkZJvyYQ=="
    },
    "node_modules/hybrids": {
      "version": "9.1.14",
      "resolved": "https://registry.npmjs.org/hybrids/-/hybrids-9.1.14.tgz",
      "integrity": "sha512-Bk+dLjZGLCpLpl5ZBkWxrRLUpu5KnJyp6s7oh47EtSidBsTWL9CuOmrRM7CnL09g6sLhIyXWO1Tc2pOHnZmKNg==",
      "bin": {
        "hybrids": "cli/index.js"
      },
      "engines": {
        "node": ">=18.0.0"
      }
    }
  }
}
