{
  "name": "static",
  "lockfileVersion": 3,
  "requires": true,
  "packages": {
    "": {
      "dependencies": {
        "htmx.org": "^2.0.4",
        "hybrids": "^9.1.16"
      },
      "devDependencies": {
        "daisyui": "^5.0.47",
        "tailwindcss": "^4.1.11"
      }
    },
    "node_modules/daisyui": {
      "version": "5.0.47",
      "resolved": "https://registry.npmjs.org/daisyui/-/daisyui-5.0.47.tgz",
      "integrity": "sha512-RuYjjVKpodDoOYAHIvG6qC3BeRxhlyj4JCO+6aV0VzK+i3RWD7cmICh0m5+Xfr5938mV0Mk7FUOQ00msz8H8dw==",
      "dev": true,
      "funding": {
        "url": "https://github.com/saadeghi/daisyui?sponsor=1"
      }
    },
    "node_modules/htmx.org": {
      "version": "2.0.4",
      "resolved": "https://registry.npmjs.org/htmx.org/-/htmx.org-2.0.4.tgz",
      "integrity": "sha512-HLxMCdfXDOJirs3vBZl/ZLoY+c7PfM4Ahr2Ad4YXh6d22T5ltbTXFFkpx9Tgb2vvmWFMbIc3LqN2ToNkZJvyYQ=="
    },
    "node_modules/hybrids": {
      "version": "9.1.16",
      "resolved": "https://registry.npmjs.org/hybrids/-/hybrids-9.1.16.tgz",
      "integrity": "sha512-DccHvvDx0ScsaBneRdfTLI1iF5DBPiEfBYI2wqKMYdVZ8T23uN8JFyZjFPuS5jsAGZ/u4fSBTyA6a7EwHQT80A==",
      "bin": {
        "hybrids": "cli/index.js"
      },
      "engines": {
        "node": ">=18.0.0"
      }
    },
    "node_modules/tailwindcss": {
      "version": "4.1.11",
      "resolved": "https://registry.npmjs.org/tailwindcss/-/tailwindcss-4.1.11.tgz",
      "integrity": "sha512-2E9TBm6MDD/xKYe+dvJZAmg3yxIEDNRc0jwlNyDg/4Fil2QcSLjFKGVff0lAf1jjeaArlG/M75Ey/EYr/OJtBA==",
      "dev": true
    }
  }
}
